github.com/google/go-cmp v0.6.0 h1:ofyhxvXcZhMsU5ulbFiLKl/XBFqE1GSq7atu8tAmTRI=
github.com/google/go-cmp v0.6.0/go.mod h1:17dUlkBOakJ0+DkrSSNjCkIjxS6bF9zb3elmeNGIjoY=
github.com/goplus/cobra v1.9.12 h1:0F9EdEbeGyITGz+mqoHoJ5KpUw97p1CkxV74IexHw5s=
github.com/goplus/cobra v1.9.12/go.mod h1:p4LhfNJDKEpiGjGiNn0crUXL5dUPA5DX2ztYpEJR34E=
github.com/goplus/gogen v1.19.0 h1:eRi3pEDfICO6saw+JZ/jWPfBYTP7CkV6cjTsNjhhC4k=
github.com/goplus/gogen v1.19.0/go.mod h1:owX2e1EyU5WD+Nm6oH2m/GXjLdlBYcwkLO4wN8HHXZI=
github.com/goplus/lib v0.2.0 h1:AjqkN1XK5H23wZMMlpaUYAMCDAdSBQ2NMFrLtSh7W4g=
github.com/goplus/lib v0.2.0/go.mod h1:SgJv3oPqLLHCu0gcL46ejOP3x7/2ry2Jtxu7ta32kp0=
github.com/goplus/llvm v0.8.3 h1:is1zOwhiQZWtLnOmSMVPO+1sPa2uK/XJ/FjTSfIjGBU=
github.com/goplus/llvm v0.8.3/go.mod h1:PeVK8GgzxwAYCiMiUAJb5wJR6xbhj989tu9oulKLLT4=
github.com/goplus/mod v0.17.1 h1:ITovxDcc5zbURV/Wrp3/SBsYLgC1KrxY6pq1zMM2V94=
github.com/goplus/mod v0.17.1/go.mod h1:iXEszBKqi38BAyQApBPyQeurLHmQN34YMgC2ZNdap50=
github.com/qiniu/x v1.15.1 h1:avE+YQaowp8ZExjylOeSM73rUo3MQKBAYVxh4NJ8dY8=
github.com/qiniu/x v1.15.1/go.mod h1:AiovSOCaRijaf3fj+0CBOpR1457pn24b0Vdb1JpwhII=
golang.org/x/mod v0.26.0 h1:EGMPT//Ezu+ylkCijjPc+f4Aih7sZvaAr+O3EHBxvZg=
golang.org/x/mod v0.26.0/go.mod h1:/j6NAhSk8iQ723BGAUyoAcn7SlD7s15Dp9Nd/SfeaFQ=
golang.org/x/sync v0.16.0 h1:ycBJEhp9p4vXvUZNszeOq0kGTPghopOL8q0fq3vstxw=
golang.org/x/sync v0.16.0/go.mod h1:1dzgHSNfp02xaA81J2MS99Qcpr2w7fw1gpm99rleRqA=
golang.org/x/tools v0.35.0 h1:mBffYraMEf7aa0sB+NuKnuCy8qI/9Bughn8dC2Gu5r0=
golang.org/x/tools v0.35.0/go.mod h1:NKdj5HkL/73byiZSJjqJgKn3ep7KjFkBOkR/Hps3VPw=
