github.com/google/go-cmp v0.6.0 h1:ofyhxvXcZhMsU5ulbFiLKl/XBFqE1GSq7atu8tAmTRI=
github.com/google/go-cmp v0.6.0/go.mod h1:17dUlkBOakJ0+DkrSSNjCkIjxS6bF9zb3elmeNGIjoY=
github.com/goplus/gogen v1.17.1 h1:dx1KoggI3jK0ti4GyQAJMPAib81BP2uePA8xQ9dMJlU=
github.com/goplus/gogen v1.17.1/go.mod h1:owX2e1EyU5WD+Nm6oH2m/GXjLdlBYcwkLO4wN8HHXZI=
github.com/goplus/lib v0.2.0 h1:AjqkN1XK5H23wZMMlpaUYAMCDAdSBQ2NMFrLtSh7W4g=
github.com/goplus/lib v0.2.0/go.mod h1:SgJv3oPqLLHCu0gcL46ejOP3x7/2ry2Jtxu7ta32kp0=
github.com/goplus/llvm v0.8.3 h1:is1zOwhiQZWtLnOmSMVPO+1sPa2uK/XJ/FjTSfIjGBU=
github.com/goplus/llvm v0.8.3/go.mod h1:PeVK8GgzxwAYCiMiUAJb5wJR6xbhj989tu9oulKLLT4=
github.com/goplus/mod v0.15.1 h1:kNSnM5ZIpZbZmySzv/oqK9uJF5RCxRvcLsxjDMOxWVw=
github.com/goplus/mod v0.15.1/go.mod h1:ww47rwm4lzsqZN8Oz5jH8wt/KsQclltMe45DelLJmSA=
github.com/qiniu/x v1.13.18 h1:Zw4BLtoyReiBMme6MAsYJfdWSFY6vtYgXAf2rGrNexg=
github.com/qiniu/x v1.13.18/go.mod h1:AiovSOCaRijaf3fj+0CBOpR1457pn24b0Vdb1JpwhII=
golang.org/x/mod v0.23.0 h1:Zb7khfcRGKk+kqfxFaP5tZqCnDZMjC5VtUBs87Hr6QM=
golang.org/x/mod v0.23.0/go.mod h1:6SkKJ3Xj0I0BrPOZoBy3bdMptDDU9oJrpohJ3eWZ1fY=
golang.org/x/sync v0.11.0 h1:GGz8+XQP4FvTTrjZPzNKTMFtSXH80RAzG+5ghFPgK9w=
golang.org/x/sync v0.11.0/go.mod h1:Czt+wKu1gCyEFDUtn0jG5QVvpJ6rzVqr5aXyt9drQfk=
golang.org/x/tools v0.30.0 h1:BgcpHewrV5AUp2G9MebG4XPFI1E2W41zU1SaqVA9vJY=
golang.org/x/tools v0.30.0/go.mod h1:c347cR/OJfw5TI+GfX7RUPNMdDRRbjvYTS0jPyvsVtY=
