github.com/goplus/gogen v1.16.4 h1:RyU4KhJ8qmdJQwuHKpCYPh3hTFN4wSaPRwXa9syY4R8=
github.com/goplus/llvm v0.8.1 h1:Wrc9S8bKDhLjxjPuhnrgDYLRaFfKotOGt3zpId3LBmI=
github.com/goplus/mod v0.13.13 h1:rvwXCCQciTz4NjB3GLAZ2cskw035B64F7KzRAyMYUCw=
github.com/qiniu/x v1.13.10 h1:J4Z3XugYzAq85SlyAfqlKVrbf05glMbAOh+QncsDQpE=
golang.org/x/mod v0.20.0 h1:utOm6MM3R3dnawAiJgn0y+xvuYRsm1RKM/4giyfDgV0=
golang.org/x/sync v0.7.0 h1:YsImfSBoP9QPYL0xyKJPq0gcaJdG3rInoqxTWbfQu9M=
golang.org/x/tools v0.19.0 h1:tfGCXNR1OsFG+sVdLAitlpjAvD/I6dHDKnYrpEZUHkw=
