github.com/google/go-cmp v0.6.0 h1:ofyhxvXcZhMsU5ulbFiLKl/XBFqE1GSq7atu8tAmTRI=
github.com/google/go-cmp v0.6.0/go.mod h1:17dUlkBOakJ0+DkrSSNjCkIjxS6bF9zb3elmeNGIjoY=
github.com/goplus/gogen v1.16.9 h1:BRNAsRzdyMcLBOLUe6+suVMmOe+D2HLfF7mAkS4/QW4=
github.com/goplus/gogen v1.16.9/go.mod h1:6TQYbabXDF9LCdDkOOzHmfg1R4ENfXQ3XpHa9RhTSD8=
github.com/goplus/llpkgstore v0.0.0-20250318065259-1f6d7d1376ae h1:YQALyCKrrmWHPYNMxp2n+r9/xqHuzKTSBzBeSFaZQvY=
github.com/goplus/llpkgstore v0.0.0-20250318065259-1f6d7d1376ae/go.mod h1:pPprwz6u79R785HVfN85m57PXmNyvzhqO6VD99oPHmg=
github.com/goplus/llvm v0.8.1 h1:Wrc9S8bKDhLjxjPuhnrgDYLRaFfKotOGt3zpId3LBmI=
github.com/goplus/llvm v0.8.1/go.mod h1:PeVK8GgzxwAYCiMiUAJb5wJR6xbhj989tu9oulKLLT4=
github.com/goplus/mod v0.13.17 h1:aWp14xosENrh7t0/0qcIejDmQEiTgI3ou2+KoLDlSlE=
github.com/goplus/mod v0.13.17/go.mod h1:XlHf8mnQ4QkRDX14Of2tpywuHDd+JVpPStvh3egog+0=
github.com/qiniu/x v1.13.12 h1:UyAwja6dgKUOYWZMzzc02wLodwnZ7wmK/0XzRd0e78g=
github.com/qiniu/x v1.13.12/go.mod h1:INZ2TSWSJVWO/RuELQROERcslBwVgFG7MkTfEdaQz9E=
golang.org/x/mod v0.23.0 h1:Zb7khfcRGKk+kqfxFaP5tZqCnDZMjC5VtUBs87Hr6QM=
golang.org/x/mod v0.23.0/go.mod h1:6SkKJ3Xj0I0BrPOZoBy3bdMptDDU9oJrpohJ3eWZ1fY=
golang.org/x/sync v0.11.0 h1:GGz8+XQP4FvTTrjZPzNKTMFtSXH80RAzG+5ghFPgK9w=
golang.org/x/sync v0.11.0/go.mod h1:Czt+wKu1gCyEFDUtn0jG5QVvpJ6rzVqr5aXyt9drQfk=
golang.org/x/tools v0.30.0 h1:BgcpHewrV5AUp2G9MebG4XPFI1E2W41zU1SaqVA9vJY=
golang.org/x/tools v0.30.0/go.mod h1:c347cR/OJfw5TI+GfX7RUPNMdDRRbjvYTS0jPyvsVtY=
